{
  "version": 1,
  "dependencies": {
    "UAP,Version=v10.0.26100": {},
    "UAP,Version=v10.0.26100/win10-arm": {},
    "UAP,Version=v10.0.26100/win10-arm-aot": {},
    "UAP,Version=v10.0.26100/win10-arm64-aot": {},
    "UAP,Version=v10.0.26100/win10-x64": {},
    "UAP,Version=v10.0.26100/win10-x64-aot": {},
    "UAP,Version=v10.0.26100/win10-x86": {},
    "UAP,Version=v10.0.26100/win10-x86-aot": {}
  }
}